
Microsoft Visual Studio Solution File, Format Version 12.00
# Visual Studio 2015
Project("{FAE04EC0-301F-11D3-BF4B-00C04F79EFBC}") = "SendbirdTest.CSharp", "SendbirdTest.CSharp.csproj", "{D826E297-5E29-B775-386F-B23B2B93354A}"
EndProject
Global
	GlobalSection(SolutionConfigurationPlatforms) = preSolution
		Debug|Any CPU = Debug|Any CPU
		Release|Any CPU = Release|Any CPU
	EndGlobalSection
	GlobalSection(ProjectConfigurationPlatforms) = postSolution
		{D826E297-5E29-B775-386F-B23B2B93354A}.Debug|Any CPU.ActiveCfg = Debug|Any CPU
		{D826E297-5E29-B775-386F-B23B2B93354A}.Debug|Any CPU.Build.0 = Debug|Any CPU
		{D826E297-5E29-B775-386F-B23B2B93354A}.Release|Any CPU.ActiveCfg = Release|Any CPU
		{D826E297-5E29-B775-386F-B23B2B93354A}.Release|Any CPU.Build.0 = Release|Any CPU
	EndGlobalSection
	GlobalSection(SolutionProperties) = preSolution
		HideSolutionNode = FALSE
	EndGlobalSection
EndGlobal
